// !$*UTF8*$!
{
	archiveVersion = 1;
	classes = {
	};
	objectVersion = 48;
	objects = {

/* Begin PBXBuildFile section */
		204A73571F93AEEF006DB10C /* AppDelegate.swift in Sources */ = {isa = PBXBuildFile; fileRef = 204A73561F93AEEF006DB10C /* AppDelegate.swift */; };
		204A73591F93AEEF006DB10C /* ViewController.swift in Sources */ = {isa = PBXBuildFile; fileRef = 204A73581F93AEEF006DB10C /* ViewController.swift */; };
		204A735C1F93AEEF006DB10C /* Main.storyboard in Resources */ = {isa = PBXBuildFile; fileRef = 204A735A1F93AEEF006DB10C /* Main.storyboard */; };
		204A735E1F93AEEF006DB10C /* Assets.xcassets in Resources */ = {isa = PBXBuildFile; fileRef = 204A735D1F93AEEF006DB10C /* Assets.xcassets */; };
		204A73611F93AEEF006DB10C /* LaunchScreen.storyboard in Resources */ = {isa = PBXBuildFile; fileRef = 204A735F1F93AEEF006DB10C /* LaunchScreen.storyboard */; };
/* End PBXBuildFile section */

/* Begin PBXFileReference section */
		204A73531F93AEEF006DB10C /* Dice-Games.app */ = {isa = PBXFileReference; explicitFileType = wrapper.application; includeInIndex = 0; path = "Dice-Games.app"; sourceTree = BUILT_PRODUCTS_DIR; };
		204A73561F93AEEF006DB10C /* AppDelegate.swift */ = {isa = PBXFileReference; lastKnownFileType = sourcecode.swift; path = AppDelegate.swift; sourceTree = "<group>"; };
		204A73581F93AEEF006DB10C /* ViewController.swift */ = {isa = PBXFileReference; lastKnownFileType = sourcecode.swift; path = ViewController.swift; sourceTree = "<group>"; };
		204A735B1F93AEEF006DB10C /* Base */ = {isa = PBXFileReference; lastKnownFileType = file.storyboard; name = Base; path = Base.lproj/Main.storyboard; sourceTree = "<group>"; };
		204A735D1F93AEEF006DB10C /* Assets.xcassets */ = {isa = PBXFileReference; lastKnownFileType = folder.assetcatalog; path = Assets.xcassets; sourceTree = "<group>"; };
		204A73601F93AEEF006DB10C /* Base */ = {isa = PBXFileReference; lastKnownFileType = file.storyboard; name = Base; path = Base.lproj/LaunchScreen.storyboard; sourceTree = "<group>"; };
		204A73621F93AEEF006DB10C /* Info.plist */ = {isa = PBXFileReference; lastKnownFileType = text.plist.xml; path = Info.plist; sourceTree = "<group>"; };
/* End PBXFileReference section */

/* Begin PBXFrameworksBuildPhase section */
		204A73501F93AEEF006DB10C /* Frameworks */ = {
			isa = PBXFrameworksBuildPhase;
			buildActionMask = 2147483647;
			files = (
			);
			runOnlyForDeploymentPostprocessing = 0;
		};
/* End PBXFrameworksBuildPhase section */

/* Begin PBXGroup section */
		204A734A1F93AEEF006DB10C = {
			isa = PBXGroup;
			children = (
				204A73551F93AEEF006DB10C /* Dice-Games */,
				204A73541F93AEEF006DB10C /* Products */,
			);
			sourceTree = "<group>";
		};
		204A73541F93AEEF006DB10C /* Products */ = {
			isa = PBXGroup;
			children = (
				204A73531F93AEEF006DB10C /* Dice-Games.app */,
			);
			name = Products;
			sourceTree = "<group>";
		};
		204A73551F93AEEF006DB10C /* Dice-Games */ = {
			isa = PBXGroup;
			children = (
				204A73561F93AEEF006DB10C /* AppDelegate.swift */,
				204A73581F93AEEF006DB10C /* ViewController.swift */,
				204A735A1F93AEEF006DB10C /* Main.storyboard */,
				204A735D1F93AEEF006DB10C /* Assets.xcassets */,
				204A735F1F93AEEF006DB10C /* LaunchScreen.storyboard */,
				204A73621F93AEEF006DB10C /* Info.plist */,
			);
			path = "Dice-Games";
			sourceTree = "<group>";
		};
/* End PBXGroup section */

/* Begin PBXNativeTarget section */
		204A73521F93AEEF006DB10C /* Dice-Games */ = {
			isa = PBXNativeTarget;
			buildConfigurationList = 204A73651F93AEEF006DB10C /* Build configuration list for PBXNativeTarget "Dice-Games" */;
			buildPhases = (
				204A734F1F93AEEF006DB10C /* Sources */,
				204A73501F93AEEF006DB10C /* Frameworks */,
				204A73511F93AEEF006DB10C /* Resources */,
			);
			buildRules = (
			);
			dependencies = (
			);
			name = "Dice-Games";
			productName = "Dice-Games";
			productReference = 204A73531F93AEEF006DB10C /* Dice-Games.app */;
			productType = "com.apple.product-type.application";
		};
/* End PBXNativeTarget section */

/* Begin PBXProject section */
		204A734B1F93AEEF006DB10C /* Project object */ = {
			isa = PBXProject;
			attributes = {
				LastSwiftUpdateCheck = 0900;
				LastUpgradeCheck = 0900;
				ORGANIZATIONNAME = sample;
				TargetAttributes = {
					204A73521F93AEEF006DB10C = {
						CreatedOnToolsVersion = 9.0;
						ProvisioningStyle = Automatic;
					};
				};
			};
			buildConfigurationList = 204A734E1F93AEEF006DB10C /* Build configuration list for PBXProject "Dice-Games" */;
			compatibilityVersion = "Xcode 8.0";
			developmentRegion = en;
			hasScannedForEncodings = 0;
			knownRegions = (
				en,
				Base,
			);
			mainGroup = 204A734A1F93AEEF006DB10C;
			productRefGroup = 204A73541F93AEEF006DB10C /* Products */;
			projectDirPath = "";
			projectRoot = "";
			targets = (
				204A73521F93AEEF006DB10C /* Dice-Games */,
			);
		};
/* End PBXProject section */

/* Begin PBXResourcesBuildPhase section */
		204A73511F93AEEF006DB10C /* Resources */ = {
			isa = PBXResourcesBuildPhase;
			buildActionMask = 2147483647;
			files = (
				204A73611F93AEEF006DB10C /* LaunchScreen.storyboard in Resources */,
				204A735E1F93AEEF006DB10C /* Assets.xcassets in Resources */,
				204A735C1F93AEEF006DB10C /* Main.storyboard in Resources */,
			);
			runOnlyForDeploymentPostprocessing = 0;
		};
/* End PBXResourcesBuildPhase section */

/* Begin PBXSourcesBuildPhase section */
		204A734F1F93AEEF006DB10C /* Sources */ = {
			isa = PBXSourcesBuildPhase;
			buildActionMask = 2147483647;
			files = (
				204A73591F93AEEF006DB10C /* ViewController.swift in Sources */,
				204A73571F93AEEF006DB10C /* AppDelegate.swift in Sources */,
			);
			runOnlyForDeploymentPostprocessing = 0;
		};
/* End PBXSourcesBuildPhase section */

/* Begin PBXVariantGroup section */
		204A735A1F93AEEF006DB10C /* Main.storyboard */ = {
			isa = PBXVariantGroup;
			children = (
				204A735B1F93AEEF006DB10C /* Base */,
			);
			name = Main.storyboard;
			sourceTree = "<group>";
		};
		204A735F1F93AEEF006DB10C /* LaunchScreen.storyboard */ = {
			isa = PBXVariantGroup;
			children = (
				204A73601F93AEEF006DB10C /* Base */,
			);
			name = LaunchScreen.storyboard;
			sourceTree = "<group>";
		};
/* End PBXVariantGroup section */

/* Begin XCBuildConfiguration section */
		204A73631F93AEEF006DB10C /* Debug */ = {
			isa = XCBuildConfiguration;
			buildSettings = {
				ALWAYS_SEARCH_USER_PATHS = NO;
				CLANG_ANALYZER_NONNULL = YES;
				CLANG_ANALYZER_NUMBER_OBJECT_CONVERSION = YES_AGGRESSIVE;
				CLANG_CXX_LANGUAGE_STANDARD = "gnu++14";
				CLANG_CXX_LIBRARY = "libc++";
				CLANG_ENABLE_MODULES = YES;
				CLANG_ENABLE_OBJC_ARC = YES;
				CLANG_WARN_BLOCK_CAPTURE_AUTORELEASING = YES;
				CLANG_WARN_BOOL_CONVERSION = YES;
				CLANG_WARN_COMMA = YES;
				CLANG_WARN_CONSTANT_CONVERSION = YES;
				CLANG_WARN_DIRECT_OBJC_ISA_USAGE = YES_ERROR;
				CLANG_WARN_DOCUMENTATION_COMMENTS = YES;
				CLANG_WARN_EMPTY_BODY = YES;
				CLANG_WARN_ENUM_CONVERSION = YES;
				CLANG_WARN_INFINITE_RECURSION = YES;
				CLANG_WARN_INT_CONVERSION = YES;
				CLANG_WARN_NON_LITERAL_NULL_CONVERSION = YES;
				CLANG_WARN_OBJC_LITERAL_CONVERSION = YES;
				CLANG_WARN_OBJC_ROOT_CLASS = YES_ERROR;
				CLANG_WARN_RANGE_LOOP_ANALYSIS = YES;
				CLANG_WARN_STRICT_PROTOTYPES = YES;
				CLANG_WARN_SUSPICIOUS_MOVE = YES;
				CLANG_WARN_UNGUARDED_AVAILABILITY = YES_AGGRESSIVE;
				CLANG_WARN_UNREACHABLE_CODE = YES;
				CLANG_WARN__DUPLICATE_METHOD_MATCH = YES;
				CODE_SIGN_IDENTITY = "iPhone Developer";
				COPY_PHASE_STRIP = NO;
				DEBUG_INFORMATION_FORMAT = dwarf;
				ENABLE_STRICT_OBJC_MSGSEND = YES;
				ENABLE_TESTABILITY = YES;
				GCC_C_LANGUAGE_STANDARD = gnu11;
				GCC_DYNAMIC_NO_PIC = NO;
				GCC_NO_COMMON_BLOCKS = YES;
				GCC_OPTIMIZATION_LEVEL = 0;
				GCC_PREPROCESSOR_DEFINITIONS = (
					"DEBUG=1",
					"$(inherited)",
				);
				GCC_WARN_64_TO_32_BIT_CONVERSION = YES;
				GCC_WARN_ABOUT_RETURN_TYPE = YES_ERROR;
				GCC_WARN_UNDECLARED_SELECTOR = YES;
				GCC_WARN_UNINITIALIZED_AUTOS = YES_AGGRESSIVE;
				GCC_WARN_UNUSED_FUNCTION = YES;
				GCC_WARN_UNUSED_VARIABLE = YES;
				IPHONEOS_DEPLOYMENT_TARGET = 11.0;
				MTL_ENABLE_DEBUG_INFO = YES;
				ONLY_ACTIVE_ARCH = YES;
				SDKROOT = iphoneos;
				SWIFT_ACTIVE_COMPILATION_CONDITIONS = DEBUG;
				SWIFT_OPTIMIZATION_LEVEL = "-Onone";
			};
			name = Debug;
		};
		204A73641F93AEEF006DB10C /* Release */ = {
			isa = XCBuildConfiguration;
			buildSettings = {
				ALWAYS_SEARCH_USER_PATHS = NO;
				CLANG_ANALYZER_NONNULL = YES;
				CLANG_ANALYZER_NUMBER_OBJECT_CONVERSION = YES_AGGRESSIVE;
				CLANG_CXX_LANGUAGE_STANDARD = "gnu++14";
				CLANG_CXX_LIBRARY = "libc++";
				CLANG_ENABLE_MODULES = YES;
				CLANG_ENABLE_OBJC_ARC = YES;
				CLANG_WARN_BLOCK_CAPTURE_AUTORELEASING = YES;
				CLANG_WARN_BOOL_CONVERSION = YES;
				CLANG_WARN_COMMA = YES;
				CLANG_WARN_CONSTANT_CONVERSION = YES;
				CLANG_WARN_DIRECT_OBJC_ISA_USAGE = YES_ERROR;
				CLANG_WARN_DOCUMENTATION_COMMENTS = YES;
				CLANG_WARN_EMPTY_BODY = YES;
				CLANG_WARN_ENUM_CONVERSION = YES;
				CLANG_WARN_INFINITE_RECURSION = YES;
				CLANG_WARN_INT_CONVERSION = YES;
				CLANG_WARN_NON_LITERAL_NULL_CONVERSION = YES;
				CLANG_WARN_OBJC_LITERAL_CONVERSION = YES;
				CLANG_WARN_OBJC_ROOT_CLASS = YES_ERROR;
				CLANG_WARN_RANGE_LOOP_ANALYSIS = YES;
				CLANG_WARN_STRICT_PROTOTYPES = YES;
				CLANG_WARN_SUSPICIOUS_MOVE = YES;
				CLANG_WARN_UNGUARDED_AVAILABILITY = YES_AGGRESSIVE;
				CLANG_WARN_UNREACHABLE_CODE = YES;
				CLANG_WARN__DUPLICATE_METHOD_MATCH = YES;
				CODE_SIGN_IDENTITY = "iPhone Developer";
				COPY_PHASE_STRIP = NO;
				DEBUG_INFORMATION_FORMAT = "dwarf-with-dsym";
				ENABLE_NS_ASSERTIONS = NO;
				ENABLE_STRICT_OBJC_MSGSEND = YES;
				GCC_C_LANGUAGE_STANDARD = gnu11;
				GCC_NO_COMMON_BLOCKS = YES;
				GCC_WARN_64_TO_32_BIT_CONVERSION = YES;
				GCC_WARN_ABOUT_RETURN_TYPE = YES_ERROR;
				GCC_WARN_UNDECLARED_SELECTOR = YES;
				GCC_WARN_UNINITIALIZED_AUTOS = YES_AGGRESSIVE;
				GCC_WARN_UNUSED_FUNCTION = YES;
				GCC_WARN_UNUSED_VARIABLE = YES;
				IPHONEOS_DEPLOYMENT_TARGET = 11.0;
				MTL_ENABLE_DEBUG_INFO = NO;
				SDKROOT = iphoneos;
				SWIFT_OPTIMIZATION_LEVEL = "-Owholemodule";
				VALIDATE_PRODUCT = YES;
			};
			name = Release;
		};
		204A73661F93AEEF006DB10C /* Debug */ = {
			isa = XCBuildConfiguration;
			buildSettings = {
				ASSETCATALOG_COMPILER_APPICON_NAME = AppIcon;
				CODE_SIGN_STYLE = Automatic;
				INFOPLIST_FILE = "Dice-Games/Info.plist";
				LD_RUNPATH_SEARCH_PATHS = "$(inherited) @executable_path/Frameworks";
				PRODUCT_BUNDLE_IDENTIFIER = "idv.sample.Dice-Games";
				PRODUCT_NAME = "$(TARGET_NAME)";
				SWIFT_VERSION = 4.0;
				TARGETED_DEVICE_FAMILY = "1,2";
			};
			name = Debug;
		};
		204A73671F93AEEF006DB10C /* Release */ = {
			isa = XCBuildConfiguration;
			buildSettings = {
				ASSETCATALOG_COMPILER_APPICON_NAME = AppIcon;
				CODE_SIGN_STYLE = Automatic;
				INFOPLIST_FILE = "Dice-Games/Info.plist";
				LD_RUNPATH_SEARCH_PATHS = "$(inherited) @executable_path/Frameworks";
				PRODUCT_BUNDLE_IDENTIFIER = "idv.sample.Dice-Games";
				PRODUCT_NAME = "$(TARGET_NAME)";
				SWIFT_VERSION = 4.0;
				TARGETED_DEVICE_FAMILY = "1,2";
			};
			name = Release;
		};
/* End XCBuildConfiguration section */

/* Begin XCConfigurationList section */
		204A734E1F93AEEF006DB10C /* Build configuration list for PBXProject "Dice-Games" */ = {
			isa = XCConfigurationList;
			buildConfigurations = (
				204A73631F93AEEF006DB10C /* Debug */,
				204A73641F93AEEF006DB10C /* Release */,
			);
			defaultConfigurationIsVisible = 0;
			defaultConfigurationName = Release;
		};
		204A73651F93AEEF006DB10C /* Build configuration list for PBXNativeTarget "Dice-Games" */ = {
			isa = XCConfigurationList;
			buildConfigurations = (
				204A73661F93AEEF006DB10C /* Debug */,
				204A73671F93AEEF006DB10C /* Release */,
			);
			defaultConfigurationIsVisible = 0;
			defaultConfigurationName = Release;
		};
/* End XCConfigurationList section */
	};
	rootObject = 204A734B1F93AEEF006DB10C /* Project object */;
}
